
Microsoft Visual Studio Solution File, Format Version 12.00
# Visual Studio 15
VisualStudioVersion = 15.0.27428.2037
MinimumVisualStudioVersion = 10.0.40219.1
Project("{FAE04EC0-301F-11D3-BF4B-00C04F79EFBC}") = "EmitLogDirect", "EmitLogDirect\EmitLogDirect.csproj", "{00FBBE36-4D26-418F-BC77-3CDEA1E74415}"
EndProject
Project("{FAE04EC0-301F-11D3-BF4B-00C04F79EFBC}") = "ReceiveLogsDirect", "ReceiveLogsDirect\ReceiveLogsDirect.csproj", "{C90BF5FB-A2F1-4F29-850E-6EB2E1178E74}"
EndProject
Global
	GlobalSection(SolutionConfigurationPlatforms) = preSolution
		Debug|Any CPU = Debug|Any CPU
		Release|Any CPU = Release|Any CPU
	EndGlobalSection
	GlobalSection(ProjectConfigurationPlatforms) = postSolution
		{00FBBE36-4D26-418F-BC77-3CDEA1E74415}.Debug|Any CPU.ActiveCfg = Debug|Any CPU
		{00FBBE36-4D26-418F-BC77-3CDEA1E74415}.Debug|Any CPU.Build.0 = Debug|Any CPU
		{00FBBE36-4D26-418F-BC77-3CDEA1E74415}.Release|Any CPU.ActiveCfg = Release|Any CPU
		{00FBBE36-4D26-418F-BC77-3CDEA1E74415}.Release|Any CPU.Build.0 = Release|Any CPU
		{C90BF5FB-A2F1-4F29-850E-6EB2E1178E74}.Debug|Any CPU.ActiveCfg = Debug|Any CPU
		{C90BF5FB-A2F1-4F29-850E-6EB2E1178E74}.Debug|Any CPU.Build.0 = Debug|Any CPU
		{C90BF5FB-A2F1-4F29-850E-6EB2E1178E74}.Release|Any CPU.ActiveCfg = Release|Any CPU
		{C90BF5FB-A2F1-4F29-850E-6EB2E1178E74}.Release|Any CPU.Build.0 = Release|Any CPU
	EndGlobalSection
	GlobalSection(SolutionProperties) = preSolution
		HideSolutionNode = FALSE
	EndGlobalSection
	GlobalSection(ExtensibilityGlobals) = postSolution
		SolutionGuid = {65314555-C43D-42BD-A98E-42998BC252EC}
	EndGlobalSection
EndGlobal
